# THIS IS AN AUTOGENERATED FILE. DO NOT EDIT THIS FILE DIRECTLY.
# yarn lockfile v1


"@types/totp-generator@^0.0.4":
  version "0.0.4"
  resolved "https://registry.npmmirror.com/@types/totp-generator/-/totp-generator-0.0.4.tgz#c8fed6d37b7ff9b3b689ca802359332def92603b"
  integrity sha512-rs5nfg//Q6zXGRiIqZ6UUhh65lBgEM5/s8knGw3fO2TBa0i1GlSLx4+P45vXNTrp3uNnqdSS1z4I33Oi3egDDg==

jssha@^3.1.2:
  version "3.3.0"
  resolved "https://registry.npmmirror.com/jssha/-/jssha-3.3.0.tgz#44b5531bcf55a12f4a388476c647a9a1cca92839"
  integrity sha512-w9OtT4ALL+fbbwG3gw7erAO0jvS5nfvrukGPMWIAoea359B26ALXGpzy4YJSp9yGnpUvuvOw1nSjSoHDfWSr1w==

totp-generator@^0.0.14:
  version "0.0.14"
  resolved "https://registry.npmmirror.com/totp-generator/-/totp-generator-0.0.14.tgz#c136bcb4030f9cab5b10ecd82d15cd2d5518234a"
  integrity sha512-vFZ8N2TdF4mCj8bUW460jI73LqS+JKccsZ8cttQSuXa3dkTmZo8q81Pq2yAuiPxCI5fPfUrfaKuU+7adjx5s4w==
  dependencies:
    jssha "^3.1.2"
