# THIS IS AN AUTOGENERATED FILE. DO NOT EDIT THIS FILE DIRECTLY.
# yarn lockfile v1


"@vue/devtools-api@^6.4.5":
  version "6.4.5"
  resolved "https://registry.npmmirror.com/@vue/devtools-api/-/devtools-api-6.4.5.tgz#d54e844c1adbb1e677c81c665ecef1a2b4bb8380"
  integrity sha512-JD5fcdIuFxU4fQyXUu3w2KpAJHzTVdN+p4iOX2lMWSHMOoQdMAcpFLZzm9Z/2nmsoZ1a96QEhZ26e50xLBsgOQ==

pinia@^2.0.27:
  version "2.0.27"
  resolved "https://registry.npmmirror.com/pinia/-/pinia-2.0.27.tgz#cf13a8dca2792a613c1d8bb8ef50707756e5a6ef"
  integrity sha512-nOnXP0OFeL8R4WjAHsterU+11vptda643gH02xKNtSCDPiRzVfRYodOLihLDoa0gL1KKuQKV+KOzEgdt3YvqEw==
  dependencies:
    "@vue/devtools-api" "^6.4.5"
    vue-demi "*"

vue-demi@*:
  version "0.13.11"
  resolved "https://registry.npmmirror.com/vue-demi/-/vue-demi-0.13.11.tgz#7d90369bdae8974d87b1973564ad390182410d99"
  integrity sha512-IR8HoEEGM65YY3ZJYAjMlKygDQn25D5ajNFNoKh9RSDMQtlzCxtfQjdQgv9jjK+m3377SsJXY8ysq8kLCZL25A==
